{
  "name": "openfl.org",
  "version": "1.0.0",
  "lockfileVersion": 1,
  "requires": true,
  "dependencies": {
    "actuate": {
      "version": "1.8.7-alpha.5",
      "resolved": "https://registry.npmjs.org/actuate/-/actuate-1.8.7-alpha.5.tgz",
      "integrity": "sha512-9vj1LdnV3R98oxHyAIakfJfHotdUdwKjK7EP2aXNjRwxPB9FZ99G5zU+SKLoMxCUW3BBuGI8JrlzHqPHrmfLMg==",
      "dev": true
    },
    "file-saverjs": {
      "version": "1.3.6",
      "resolved": "https://registry.npmjs.org/file-saverjs/-/file-saverjs-1.3.6.tgz",
      "integrity": "sha1-t6RU4Sb1bPcfy3AVm4NWFCZU544=",
      "dev": true
    },
    "howler": {
      "version": "2.0.9",
      "resolved": "https://registry.npmjs.org/howler/-/howler-2.0.9.tgz",
      "integrity": "sha512-nBCs3ICTvlgjGYpyl1Xmiz6h9uMo07BRngund64Gm+4yD1MUTV/JAETDR9aPwg29OLh+lnY7M5dLDDlCriKgPw==",
      "dev": true
    },
    "openfl": {
      "version": "7.1.2",
      "resolved": "https://registry.npmjs.org/openfl/-/openfl-7.1.2.tgz",
      "integrity": "sha512-zwHxjrX4F7eIBfUT/dLUtl5//FLKlOJqojhV0HVF6eNuuN4mVRpbQ1WFLHJyMgg2UJzyAlIwNWQFOnDi7BWEWQ==",
      "dev": true,
      "requires": {
        "file-saverjs": "1.3.6",
        "howler": "2.0.9",
        "pako": "1.0.6"
      }
    },
    "pako": {
      "version": "1.0.6",
      "resolved": "https://registry.npmjs.org/pako/-/pako-1.0.6.tgz",
      "integrity": "sha512-lQe48YPsMJAig+yngZ87Lus+NF+3mtu7DVOBu6b/gHO1YpKwIj5AWjZ/TOS7i46HD/UixzWb1zeWDZfGZ3iYcg==",
      "dev": true
    }
  }
}
